
Microsoft Visual Studio Solution File, Format Version 12.00
# Visual Studio Version 16
VisualStudioVersion = 16.0.32126.315
MinimumVisualStudioVersion = 10.0.40219.1
Project("{FAE04EC0-301F-11D3-BF4B-00C04F79EFBC}") = "Perimetro del cuadrado", "Perimetro del cuadrado.csproj", "{9968BED8-58E1-412D-990A-0DF48A801EFA}"
EndProject
Global
	GlobalSection(SolutionConfigurationPlatforms) = preSolution
		Debug|Any CPU = Debug|Any CPU
		Release|Any CPU = Release|Any CPU
	EndGlobalSection
	GlobalSection(ProjectConfigurationPlatforms) = postSolution
		{9968BED8-58E1-412D-990A-0DF48A801EFA}.Debug|Any CPU.ActiveCfg = Debug|Any CPU
		{9968BED8-58E1-412D-990A-0DF48A801EFA}.Debug|Any CPU.Build.0 = Debug|Any CPU
		{9968BED8-58E1-412D-990A-0DF48A801EFA}.Release|Any CPU.ActiveCfg = Release|Any CPU
		{9968BED8-58E1-412D-990A-0DF48A801EFA}.Release|Any CPU.Build.0 = Release|Any CPU
	EndGlobalSection
	GlobalSection(SolutionProperties) = preSolution
		HideSolutionNode = FALSE
	EndGlobalSection
	GlobalSection(ExtensibilityGlobals) = postSolution
		SolutionGuid = {53C12566-F177-45EC-BBC3-C3FC854E82DE}
	EndGlobalSection
EndGlobal
